
Microsoft Visual Studio Solution File, Format Version 12.00
# Visual Studio 14
VisualStudioVersion = 14.0.25123.0
MinimumVisualStudioVersion = 10.0.40219.1
Project("{FAE04EC0-301F-11D3-BF4B-00C04F79EFBC}") = "eWohnung.Droid", "eWohnung\eWohnung.Droid\eWohnung.Droid.csproj", "{4BDD6780-ECF1-41F8-8701-78C4E3E4E974}"
EndProject
Project("{FAE04EC0-301F-11D3-BF4B-00C04F79EFBC}") = "eWohnung.iOS", "eWohnung\eWohnung.iOS\eWohnung.iOS.csproj", "{4C063231-EBB6-409C-9394-AB50184BBF76}"
EndProject
Project("{FAE04EC0-301F-11D3-BF4B-00C04F79EFBC}") = "eWohnung.WinPhone", "eWohnung\eWohnung.WinPhone\eWohnung.WinPhone.csproj", "{A61AFF80-18A6-493C-878C-398234CEAF60}"
EndProject
Project("{FAE04EC0-301F-11D3-BF4B-00C04F79EFBC}") = "eWohnung.Windows", "eWohnung\eWohnung.Windows\eWohnung.Windows.csproj", "{8666CA4E-CC49-49A5-A8EC-371AD4893207}"
EndProject
Project("{FAE04EC0-301F-11D3-BF4B-00C04F79EFBC}") = "eWohnung", "eWohnung\eWohnung\eWohnung.csproj", "{DCE1D590-5737-43B0-9293-FC01AD391534}"
EndProject
Global
	GlobalSection(SolutionConfigurationPlatforms) = preSolution
		Ad-Hoc|Any CPU = Ad-Hoc|Any CPU
		Ad-Hoc|ARM = Ad-Hoc|ARM
		Ad-Hoc|iPhone = Ad-Hoc|iPhone
		Ad-Hoc|iPhoneSimulator = Ad-Hoc|iPhoneSimulator
		Ad-Hoc|x64 = Ad-Hoc|x64
		Ad-Hoc|x86 = Ad-Hoc|x86
		AppStore|Any CPU = AppStore|Any CPU
		AppStore|ARM = AppStore|ARM
		AppStore|iPhone = AppStore|iPhone
		AppStore|iPhoneSimulator = AppStore|iPhoneSimulator
		AppStore|x64 = AppStore|x64
		AppStore|x86 = AppStore|x86
		Debug|Any CPU = Debug|Any CPU
		Debug|ARM = Debug|ARM
		Debug|iPhone = Debug|iPhone
		Debug|iPhoneSimulator = Debug|iPhoneSimulator
		Debug|x64 = Debug|x64
		Debug|x86 = Debug|x86
		Release|Any CPU = Release|Any CPU
		Release|ARM = Release|ARM
		Release|iPhone = Release|iPhone
		Release|iPhoneSimulator = Release|iPhoneSimulator
		Release|x64 = Release|x64
		Release|x86 = Release|x86
	EndGlobalSection
	GlobalSection(ProjectConfigurationPlatforms) = postSolution
		{4BDD6780-ECF1-41F8-8701-78C4E3E4E974}.Ad-Hoc|Any CPU.ActiveCfg = Release|Any CPU
		{4BDD6780-ECF1-41F8-8701-78C4E3E4E974}.Ad-Hoc|Any CPU.Build.0 = Release|Any CPU
		{4BDD6780-ECF1-41F8-8701-78C4E3E4E974}.Ad-Hoc|Any CPU.Deploy.0 = Release|Any CPU
		{4BDD6780-ECF1-41F8-8701-78C4E3E4E974}.Ad-Hoc|ARM.ActiveCfg = Release|Any CPU
		{4BDD6780-ECF1-41F8-8701-78C4E3E4E974}.Ad-Hoc|ARM.Build.0 = Release|Any CPU
		{4BDD6780-ECF1-41F8-8701-78C4E3E4E974}.Ad-Hoc|ARM.Deploy.0 = Release|Any CPU
		{4BDD6780-ECF1-41F8-8701-78C4E3E4E974}.Ad-Hoc|iPhone.ActiveCfg = Release|Any CPU
		{4BDD6780-ECF1-41F8-8701-78C4E3E4E974}.Ad-Hoc|iPhone.Build.0 = Release|Any CPU
		{4BDD6780-ECF1-41F8-8701-78C4E3E4E974}.Ad-Hoc|iPhone.Deploy.0 = Release|Any CPU
		{4BDD6780-ECF1-41F8-8701-78C4E3E4E974}.Ad-Hoc|iPhoneSimulator.ActiveCfg = Release|Any CPU
		{4BDD6780-ECF1-41F8-8701-78C4E3E4E974}.Ad-Hoc|iPhoneSimulator.Build.0 = Release|Any CPU
		{4BDD6780-ECF1-41F8-8701-78C4E3E4E974}.Ad-Hoc|iPhoneSimulator.Deploy.0 = Release|Any CPU
		{4BDD6780-ECF1-41F8-8701-78C4E3E4E974}.Ad-Hoc|x64.ActiveCfg = Release|Any CPU
		{4BDD6780-ECF1-41F8-8701-78C4E3E4E974}.Ad-Hoc|x64.Build.0 = Release|Any CPU
		{4BDD6780-ECF1-41F8-8701-78C4E3E4E974}.Ad-Hoc|x64.Deploy.0 = Release|Any CPU
		{4BDD6780-ECF1-41F8-8701-78C4E3E4E974}.Ad-Hoc|x86.ActiveCfg = Release|Any CPU
		{4BDD6780-ECF1-41F8-8701-78C4E3E4E974}.Ad-Hoc|x86.Build.0 = Release|Any CPU
		{4BDD6780-ECF1-41F8-8701-78C4E3E4E974}.Ad-Hoc|x86.Deploy.0 = Release|Any CPU
		{4BDD6780-ECF1-41F8-8701-78C4E3E4E974}.AppStore|Any CPU.ActiveCfg = Release|Any CPU
		{4BDD6780-ECF1-41F8-8701-78C4E3E4E974}.AppStore|Any CPU.Build.0 = Release|Any CPU
		{4BDD6780-ECF1-41F8-8701-78C4E3E4E974}.AppStore|Any CPU.Deploy.0 = Release|Any CPU
		{4BDD6780-ECF1-41F8-8701-78C4E3E4E974}.AppStore|ARM.ActiveCfg = Release|Any CPU
		{4BDD6780-ECF1-41F8-8701-78C4E3E4E974}.AppStore|ARM.Build.0 = Release|Any CPU
		{4BDD6780-ECF1-41F8-8701-78C4E3E4E974}.AppStore|ARM.Deploy.0 = Release|Any CPU
		{4BDD6780-ECF1-41F8-8701-78C4E3E4E974}.AppStore|iPhone.ActiveCfg = Release|Any CPU
		{4BDD6780-ECF1-41F8-8701-78C4E3E4E974}.AppStore|iPhone.Build.0 = Release|Any CPU
		{4BDD6780-ECF1-41F8-8701-78C4E3E4E974}.AppStore|iPhone.Deploy.0 = Release|Any CPU
		{4BDD6780-ECF1-41F8-8701-78C4E3E4E974}.AppStore|iPhoneSimulator.ActiveCfg = Release|Any CPU
		{4BDD6780-ECF1-41F8-8701-78C4E3E4E974}.AppStore|iPhoneSimulator.Build.0 = Release|Any CPU
		{4BDD6780-ECF1-41F8-8701-78C4E3E4E974}.AppStore|iPhoneSimulator.Deploy.0 = Release|Any CPU
		{4BDD6780-ECF1-41F8-8701-78C4E3E4E974}.AppStore|x64.ActiveCfg = Release|Any CPU
		{4BDD6780-ECF1-41F8-8701-78C4E3E4E974}.AppStore|x64.Build.0 = Release|Any CPU
		{4BDD6780-ECF1-41F8-8701-78C4E3E4E974}.AppStore|x64.Deploy.0 = Release|Any CPU
		{4BDD6780-ECF1-41F8-8701-78C4E3E4E974}.AppStore|x86.ActiveCfg = Release|Any CPU
		{4BDD6780-ECF1-41F8-8701-78C4E3E4E974}.AppStore|x86.Build.0 = Release|Any CPU
		{4BDD6780-ECF1-41F8-8701-78C4E3E4E974}.AppStore|x86.Deploy.0 = Release|Any CPU
		{4BDD6780-ECF1-41F8-8701-78C4E3E4E974}.Debug|Any CPU.ActiveCfg = Debug|Any CPU
		{4BDD6780-ECF1-41F8-8701-78C4E3E4E974}.Debug|Any CPU.Build.0 = Debug|Any CPU
		{4BDD6780-ECF1-41F8-8701-78C4E3E4E974}.Debug|Any CPU.Deploy.0 = Debug|Any CPU
		{4BDD6780-ECF1-41F8-8701-78C4E3E4E974}.Debug|ARM.ActiveCfg = Debug|Any CPU
		{4BDD6780-ECF1-41F8-8701-78C4E3E4E974}.Debug|ARM.Build.0 = Debug|Any CPU
		{4BDD6780-ECF1-41F8-8701-78C4E3E4E974}.Debug|ARM.Deploy.0 = Debug|Any CPU
		{4BDD6780-ECF1-41F8-8701-78C4E3E4E974}.Debug|iPhone.ActiveCfg = Debug|Any CPU
		{4BDD6780-ECF1-41F8-8701-78C4E3E4E974}.Debug|iPhoneSimulator.ActiveCfg = Debug|Any CPU
		{4BDD6780-ECF1-41F8-8701-78C4E3E4E974}.Debug|iPhoneSimulator.Build.0 = Debug|Any CPU
		{4BDD6780-ECF1-41F8-8701-78C4E3E4E974}.Debug|iPhoneSimulator.Deploy.0 = Debug|Any CPU
		{4BDD6780-ECF1-41F8-8701-78C4E3E4E974}.Debug|x64.ActiveCfg = Debug|Any CPU
		{4BDD6780-ECF1-41F8-8701-78C4E3E4E974}.Debug|x64.Build.0 = Debug|Any CPU
		{4BDD6780-ECF1-41F8-8701-78C4E3E4E974}.Debug|x64.Deploy.0 = Debug|Any CPU
		{4BDD6780-ECF1-41F8-8701-78C4E3E4E974}.Debug|x86.ActiveCfg = Debug|Any CPU
		{4BDD6780-ECF1-41F8-8701-78C4E3E4E974}.Debug|x86.Build.0 = Debug|Any CPU
		{4BDD6780-ECF1-41F8-8701-78C4E3E4E974}.Debug|x86.Deploy.0 = Debug|Any CPU
		{4BDD6780-ECF1-41F8-8701-78C4E3E4E974}.Release|Any CPU.ActiveCfg = Release|Any CPU
		{4BDD6780-ECF1-41F8-8701-78C4E3E4E974}.Release|Any CPU.Build.0 = Release|Any CPU
		{4BDD6780-ECF1-41F8-8701-78C4E3E4E974}.Release|Any CPU.Deploy.0 = Release|Any CPU
		{4BDD6780-ECF1-41F8-8701-78C4E3E4E974}.Release|ARM.ActiveCfg = Release|Any CPU
		{4BDD6780-ECF1-41F8-8701-78C4E3E4E974}.Release|ARM.Build.0 = Release|Any CPU
		{4BDD6780-ECF1-41F8-8701-78C4E3E4E974}.Release|ARM.Deploy.0 = Release|Any CPU
		{4BDD6780-ECF1-41F8-8701-78C4E3E4E974}.Release|iPhone.ActiveCfg = Release|Any CPU
		{4BDD6780-ECF1-41F8-8701-78C4E3E4E974}.Release|iPhone.Build.0 = Release|Any CPU
		{4BDD6780-ECF1-41F8-8701-78C4E3E4E974}.Release|iPhone.Deploy.0 = Release|Any CPU
		{4BDD6780-ECF1-41F8-8701-78C4E3E4E974}.Release|iPhoneSimulator.ActiveCfg = Release|Any CPU
		{4BDD6780-ECF1-41F8-8701-78C4E3E4E974}.Release|iPhoneSimulator.Build.0 = Release|Any CPU
		{4BDD6780-ECF1-41F8-8701-78C4E3E4E974}.Release|iPhoneSimulator.Deploy.0 = Release|Any CPU
		{4BDD6780-ECF1-41F8-8701-78C4E3E4E974}.Release|x64.ActiveCfg = Release|Any CPU
		{4BDD6780-ECF1-41F8-8701-78C4E3E4E974}.Release|x64.Build.0 = Release|Any CPU
		{4BDD6780-ECF1-41F8-8701-78C4E3E4E974}.Release|x64.Deploy.0 = Release|Any CPU
		{4BDD6780-ECF1-41F8-8701-78C4E3E4E974}.Release|x86.ActiveCfg = Release|Any CPU
		{4BDD6780-ECF1-41F8-8701-78C4E3E4E974}.Release|x86.Build.0 = Release|Any CPU
		{4BDD6780-ECF1-41F8-8701-78C4E3E4E974}.Release|x86.Deploy.0 = Release|Any CPU
		{4C063231-EBB6-409C-9394-AB50184BBF76}.Ad-Hoc|Any CPU.ActiveCfg = Ad-Hoc|iPhone
		{4C063231-EBB6-409C-9394-AB50184BBF76}.Ad-Hoc|ARM.ActiveCfg = Ad-Hoc|iPhone
		{4C063231-EBB6-409C-9394-AB50184BBF76}.Ad-Hoc|iPhone.ActiveCfg = Ad-Hoc|iPhone
		{4C063231-EBB6-409C-9394-AB50184BBF76}.Ad-Hoc|iPhone.Build.0 = Ad-Hoc|iPhone
		{4C063231-EBB6-409C-9394-AB50184BBF76}.Ad-Hoc|iPhoneSimulator.ActiveCfg = Ad-Hoc|iPhoneSimulator
		{4C063231-EBB6-409C-9394-AB50184BBF76}.Ad-Hoc|iPhoneSimulator.Build.0 = Ad-Hoc|iPhoneSimulator
		{4C063231-EBB6-409C-9394-AB50184BBF76}.Ad-Hoc|x64.ActiveCfg = Ad-Hoc|iPhone
		{4C063231-EBB6-409C-9394-AB50184BBF76}.Ad-Hoc|x86.ActiveCfg = Ad-Hoc|iPhone
		{4C063231-EBB6-409C-9394-AB50184BBF76}.AppStore|Any CPU.ActiveCfg = AppStore|iPhone
		{4C063231-EBB6-409C-9394-AB50184BBF76}.AppStore|ARM.ActiveCfg = AppStore|iPhone
		{4C063231-EBB6-409C-9394-AB50184BBF76}.AppStore|iPhone.ActiveCfg = AppStore|iPhone
		{4C063231-EBB6-409C-9394-AB50184BBF76}.AppStore|iPhone.Build.0 = AppStore|iPhone
		{4C063231-EBB6-409C-9394-AB50184BBF76}.AppStore|iPhoneSimulator.ActiveCfg = AppStore|iPhoneSimulator
		{4C063231-EBB6-409C-9394-AB50184BBF76}.AppStore|iPhoneSimulator.Build.0 = AppStore|iPhoneSimulator
		{4C063231-EBB6-409C-9394-AB50184BBF76}.AppStore|x64.ActiveCfg = AppStore|iPhone
		{4C063231-EBB6-409C-9394-AB50184BBF76}.AppStore|x86.ActiveCfg = AppStore|iPhone
		{4C063231-EBB6-409C-9394-AB50184BBF76}.Debug|Any CPU.ActiveCfg = Debug|iPhone
		{4C063231-EBB6-409C-9394-AB50184BBF76}.Debug|ARM.ActiveCfg = Debug|iPhone
		{4C063231-EBB6-409C-9394-AB50184BBF76}.Debug|iPhone.ActiveCfg = Debug|iPhone
		{4C063231-EBB6-409C-9394-AB50184BBF76}.Debug|iPhone.Build.0 = Debug|iPhone
		{4C063231-EBB6-409C-9394-AB50184BBF76}.Debug|iPhoneSimulator.ActiveCfg = Debug|iPhoneSimulator
		{4C063231-EBB6-409C-9394-AB50184BBF76}.Debug|iPhoneSimulator.Build.0 = Debug|iPhoneSimulator
		{4C063231-EBB6-409C-9394-AB50184BBF76}.Debug|x64.ActiveCfg = Debug|iPhone
		{4C063231-EBB6-409C-9394-AB50184BBF76}.Debug|x86.ActiveCfg = Debug|iPhone
		{4C063231-EBB6-409C-9394-AB50184BBF76}.Release|Any CPU.ActiveCfg = Release|iPhone
		{4C063231-EBB6-409C-9394-AB50184BBF76}.Release|ARM.ActiveCfg = Release|iPhone
		{4C063231-EBB6-409C-9394-AB50184BBF76}.Release|iPhone.ActiveCfg = Release|iPhone
		{4C063231-EBB6-409C-9394-AB50184BBF76}.Release|iPhone.Build.0 = Release|iPhone
		{4C063231-EBB6-409C-9394-AB50184BBF76}.Release|iPhoneSimulator.ActiveCfg = Release|iPhoneSimulator
		{4C063231-EBB6-409C-9394-AB50184BBF76}.Release|iPhoneSimulator.Build.0 = Release|iPhoneSimulator
		{4C063231-EBB6-409C-9394-AB50184BBF76}.Release|x64.ActiveCfg = Release|iPhone
		{4C063231-EBB6-409C-9394-AB50184BBF76}.Release|x86.ActiveCfg = Release|iPhone
		{A61AFF80-18A6-493C-878C-398234CEAF60}.Ad-Hoc|Any CPU.ActiveCfg = Release|Any CPU
		{A61AFF80-18A6-493C-878C-398234CEAF60}.Ad-Hoc|Any CPU.Build.0 = Release|Any CPU
		{A61AFF80-18A6-493C-878C-398234CEAF60}.Ad-Hoc|Any CPU.Deploy.0 = Release|Any CPU
		{A61AFF80-18A6-493C-878C-398234CEAF60}.Ad-Hoc|ARM.ActiveCfg = Release|ARM
		{A61AFF80-18A6-493C-878C-398234CEAF60}.Ad-Hoc|ARM.Build.0 = Release|ARM
		{A61AFF80-18A6-493C-878C-398234CEAF60}.Ad-Hoc|ARM.Deploy.0 = Release|ARM
		{A61AFF80-18A6-493C-878C-398234CEAF60}.Ad-Hoc|iPhone.ActiveCfg = Release|Any CPU
		{A61AFF80-18A6-493C-878C-398234CEAF60}.Ad-Hoc|iPhone.Build.0 = Release|Any CPU
		{A61AFF80-18A6-493C-878C-398234CEAF60}.Ad-Hoc|iPhone.Deploy.0 = Release|Any CPU
		{A61AFF80-18A6-493C-878C-398234CEAF60}.Ad-Hoc|iPhoneSimulator.ActiveCfg = Release|Any CPU
		{A61AFF80-18A6-493C-878C-398234CEAF60}.Ad-Hoc|iPhoneSimulator.Build.0 = Release|Any CPU
		{A61AFF80-18A6-493C-878C-398234CEAF60}.Ad-Hoc|iPhoneSimulator.Deploy.0 = Release|Any CPU
		{A61AFF80-18A6-493C-878C-398234CEAF60}.Ad-Hoc|x64.ActiveCfg = Release|Any CPU
		{A61AFF80-18A6-493C-878C-398234CEAF60}.Ad-Hoc|x64.Build.0 = Release|Any CPU
		{A61AFF80-18A6-493C-878C-398234CEAF60}.Ad-Hoc|x64.Deploy.0 = Release|Any CPU
		{A61AFF80-18A6-493C-878C-398234CEAF60}.Ad-Hoc|x86.ActiveCfg = Release|x86
		{A61AFF80-18A6-493C-878C-398234CEAF60}.Ad-Hoc|x86.Build.0 = Release|x86
		{A61AFF80-18A6-493C-878C-398234CEAF60}.Ad-Hoc|x86.Deploy.0 = Release|x86
		{A61AFF80-18A6-493C-878C-398234CEAF60}.AppStore|Any CPU.ActiveCfg = Release|Any CPU
		{A61AFF80-18A6-493C-878C-398234CEAF60}.AppStore|Any CPU.Build.0 = Release|Any CPU
		{A61AFF80-18A6-493C-878C-398234CEAF60}.AppStore|Any CPU.Deploy.0 = Release|Any CPU
		{A61AFF80-18A6-493C-878C-398234CEAF60}.AppStore|ARM.ActiveCfg = Release|ARM
		{A61AFF80-18A6-493C-878C-398234CEAF60}.AppStore|ARM.Build.0 = Release|ARM
		{A61AFF80-18A6-493C-878C-398234CEAF60}.AppStore|ARM.Deploy.0 = Release|ARM
		{A61AFF80-18A6-493C-878C-398234CEAF60}.AppStore|iPhone.ActiveCfg = Release|Any CPU
		{A61AFF80-18A6-493C-878C-398234CEAF60}.AppStore|iPhone.Build.0 = Release|Any CPU
		{A61AFF80-18A6-493C-878C-398234CEAF60}.AppStore|iPhone.Deploy.0 = Release|Any CPU
		{A61AFF80-18A6-493C-878C-398234CEAF60}.AppStore|iPhoneSimulator.ActiveCfg = Release|Any CPU
		{A61AFF80-18A6-493C-878C-398234CEAF60}.AppStore|iPhoneSimulator.Build.0 = Release|Any CPU
		{A61AFF80-18A6-493C-878C-398234CEAF60}.AppStore|iPhoneSimulator.Deploy.0 = Release|Any CPU
		{A61AFF80-18A6-493C-878C-398234CEAF60}.AppStore|x64.ActiveCfg = Release|Any CPU
		{A61AFF80-18A6-493C-878C-398234CEAF60}.AppStore|x64.Build.0 = Release|Any CPU
		{A61AFF80-18A6-493C-878C-398234CEAF60}.AppStore|x64.Deploy.0 = Release|Any CPU
		{A61AFF80-18A6-493C-878C-398234CEAF60}.AppStore|x86.ActiveCfg = Release|x86
		{A61AFF80-18A6-493C-878C-398234CEAF60}.AppStore|x86.Build.0 = Release|x86
		{A61AFF80-18A6-493C-878C-398234CEAF60}.AppStore|x86.Deploy.0 = Release|x86
		{A61AFF80-18A6-493C-878C-398234CEAF60}.Debug|Any CPU.ActiveCfg = Debug|Any CPU
		{A61AFF80-18A6-493C-878C-398234CEAF60}.Debug|ARM.ActiveCfg = Debug|ARM
		{A61AFF80-18A6-493C-878C-398234CEAF60}.Debug|ARM.Build.0 = Debug|ARM
		{A61AFF80-18A6-493C-878C-398234CEAF60}.Debug|ARM.Deploy.0 = Debug|ARM
		{A61AFF80-18A6-493C-878C-398234CEAF60}.Debug|iPhone.ActiveCfg = Debug|Any CPU
		{A61AFF80-18A6-493C-878C-398234CEAF60}.Debug|iPhoneSimulator.ActiveCfg = Debug|Any CPU
		{A61AFF80-18A6-493C-878C-398234CEAF60}.Debug|iPhoneSimulator.Build.0 = Debug|Any CPU
		{A61AFF80-18A6-493C-878C-398234CEAF60}.Debug|iPhoneSimulator.Deploy.0 = Debug|Any CPU
		{A61AFF80-18A6-493C-878C-398234CEAF60}.Debug|x64.ActiveCfg = Debug|Any CPU
		{A61AFF80-18A6-493C-878C-398234CEAF60}.Debug|x64.Build.0 = Debug|Any CPU
		{A61AFF80-18A6-493C-878C-398234CEAF60}.Debug|x64.Deploy.0 = Debug|Any CPU
		{A61AFF80-18A6-493C-878C-398234CEAF60}.Debug|x86.ActiveCfg = Debug|x86
		{A61AFF80-18A6-493C-878C-398234CEAF60}.Debug|x86.Build.0 = Debug|x86
		{A61AFF80-18A6-493C-878C-398234CEAF60}.Debug|x86.Deploy.0 = Debug|x86
		{A61AFF80-18A6-493C-878C-398234CEAF60}.Release|Any CPU.ActiveCfg = Release|Any CPU
		{A61AFF80-18A6-493C-878C-398234CEAF60}.Release|Any CPU.Build.0 = Release|Any CPU
		{A61AFF80-18A6-493C-878C-398234CEAF60}.Release|Any CPU.Deploy.0 = Release|Any CPU
		{A61AFF80-18A6-493C-878C-398234CEAF60}.Release|ARM.ActiveCfg = Release|ARM
		{A61AFF80-18A6-493C-878C-398234CEAF60}.Release|ARM.Build.0 = Release|ARM
		{A61AFF80-18A6-493C-878C-398234CEAF60}.Release|ARM.Deploy.0 = Release|ARM
		{A61AFF80-18A6-493C-878C-398234CEAF60}.Release|iPhone.ActiveCfg = Release|Any CPU
		{A61AFF80-18A6-493C-878C-398234CEAF60}.Release|iPhone.Build.0 = Release|Any CPU
		{A61AFF80-18A6-493C-878C-398234CEAF60}.Release|iPhone.Deploy.0 = Release|Any CPU
		{A61AFF80-18A6-493C-878C-398234CEAF60}.Release|iPhoneSimulator.ActiveCfg = Release|Any CPU
		{A61AFF80-18A6-493C-878C-398234CEAF60}.Release|iPhoneSimulator.Build.0 = Release|Any CPU
		{A61AFF80-18A6-493C-878C-398234CEAF60}.Release|iPhoneSimulator.Deploy.0 = Release|Any CPU
		{A61AFF80-18A6-493C-878C-398234CEAF60}.Release|x64.ActiveCfg = Release|Any CPU
		{A61AFF80-18A6-493C-878C-398234CEAF60}.Release|x64.Build.0 = Release|Any CPU
		{A61AFF80-18A6-493C-878C-398234CEAF60}.Release|x64.Deploy.0 = Release|Any CPU
		{A61AFF80-18A6-493C-878C-398234CEAF60}.Release|x86.ActiveCfg = Release|x86
		{A61AFF80-18A6-493C-878C-398234CEAF60}.Release|x86.Build.0 = Release|x86
		{A61AFF80-18A6-493C-878C-398234CEAF60}.Release|x86.Deploy.0 = Release|x86
		{8666CA4E-CC49-49A5-A8EC-371AD4893207}.Ad-Hoc|Any CPU.ActiveCfg = Release|Any CPU
		{8666CA4E-CC49-49A5-A8EC-371AD4893207}.Ad-Hoc|Any CPU.Build.0 = Release|Any CPU
		{8666CA4E-CC49-49A5-A8EC-371AD4893207}.Ad-Hoc|Any CPU.Deploy.0 = Release|Any CPU
		{8666CA4E-CC49-49A5-A8EC-371AD4893207}.Ad-Hoc|ARM.ActiveCfg = Release|ARM
		{8666CA4E-CC49-49A5-A8EC-371AD4893207}.Ad-Hoc|ARM.Build.0 = Release|ARM
		{8666CA4E-CC49-49A5-A8EC-371AD4893207}.Ad-Hoc|ARM.Deploy.0 = Release|ARM
		{8666CA4E-CC49-49A5-A8EC-371AD4893207}.Ad-Hoc|iPhone.ActiveCfg = Release|Any CPU
		{8666CA4E-CC49-49A5-A8EC-371AD4893207}.Ad-Hoc|iPhone.Build.0 = Release|Any CPU
		{8666CA4E-CC49-49A5-A8EC-371AD4893207}.Ad-Hoc|iPhone.Deploy.0 = Release|Any CPU
		{8666CA4E-CC49-49A5-A8EC-371AD4893207}.Ad-Hoc|iPhoneSimulator.ActiveCfg = Release|Any CPU
		{8666CA4E-CC49-49A5-A8EC-371AD4893207}.Ad-Hoc|iPhoneSimulator.Build.0 = Release|Any CPU
		{8666CA4E-CC49-49A5-A8EC-371AD4893207}.Ad-Hoc|iPhoneSimulator.Deploy.0 = Release|Any CPU
		{8666CA4E-CC49-49A5-A8EC-371AD4893207}.Ad-Hoc|x64.ActiveCfg = Release|x64
		{8666CA4E-CC49-49A5-A8EC-371AD4893207}.Ad-Hoc|x64.Build.0 = Release|x64
		{8666CA4E-CC49-49A5-A8EC-371AD4893207}.Ad-Hoc|x64.Deploy.0 = Release|x64
		{8666CA4E-CC49-49A5-A8EC-371AD4893207}.Ad-Hoc|x86.ActiveCfg = Release|x86
		{8666CA4E-CC49-49A5-A8EC-371AD4893207}.Ad-Hoc|x86.Build.0 = Release|x86
		{8666CA4E-CC49-49A5-A8EC-371AD4893207}.Ad-Hoc|x86.Deploy.0 = Release|x86
		{8666CA4E-CC49-49A5-A8EC-371AD4893207}.AppStore|Any CPU.ActiveCfg = Release|Any CPU
		{8666CA4E-CC49-49A5-A8EC-371AD4893207}.AppStore|Any CPU.Build.0 = Release|Any CPU
		{8666CA4E-CC49-49A5-A8EC-371AD4893207}.AppStore|Any CPU.Deploy.0 = Release|Any CPU
		{8666CA4E-CC49-49A5-A8EC-371AD4893207}.AppStore|ARM.ActiveCfg = Release|ARM
		{8666CA4E-CC49-49A5-A8EC-371AD4893207}.AppStore|ARM.Build.0 = Release|ARM
		{8666CA4E-CC49-49A5-A8EC-371AD4893207}.AppStore|ARM.Deploy.0 = Release|ARM
		{8666CA4E-CC49-49A5-A8EC-371AD4893207}.AppStore|iPhone.ActiveCfg = Release|Any CPU
		{8666CA4E-CC49-49A5-A8EC-371AD4893207}.AppStore|iPhone.Build.0 = Release|Any CPU
		{8666CA4E-CC49-49A5-A8EC-371AD4893207}.AppStore|iPhone.Deploy.0 = Release|Any CPU
		{8666CA4E-CC49-49A5-A8EC-371AD4893207}.AppStore|iPhoneSimulator.ActiveCfg = Release|Any CPU
		{8666CA4E-CC49-49A5-A8EC-371AD4893207}.AppStore|iPhoneSimulator.Build.0 = Release|Any CPU
		{8666CA4E-CC49-49A5-A8EC-371AD4893207}.AppStore|iPhoneSimulator.Deploy.0 = Release|Any CPU
		{8666CA4E-CC49-49A5-A8EC-371AD4893207}.AppStore|x64.ActiveCfg = Release|x64
		{8666CA4E-CC49-49A5-A8EC-371AD4893207}.AppStore|x64.Build.0 = Release|x64
		{8666CA4E-CC49-49A5-A8EC-371AD4893207}.AppStore|x64.Deploy.0 = Release|x64
		{8666CA4E-CC49-49A5-A8EC-371AD4893207}.AppStore|x86.ActiveCfg = Release|x86
		{8666CA4E-CC49-49A5-A8EC-371AD4893207}.AppStore|x86.Build.0 = Release|x86
		{8666CA4E-CC49-49A5-A8EC-371AD4893207}.AppStore|x86.Deploy.0 = Release|x86
		{8666CA4E-CC49-49A5-A8EC-371AD4893207}.Debug|Any CPU.ActiveCfg = Debug|Any CPU
		{8666CA4E-CC49-49A5-A8EC-371AD4893207}.Debug|ARM.ActiveCfg = Debug|ARM
		{8666CA4E-CC49-49A5-A8EC-371AD4893207}.Debug|ARM.Build.0 = Debug|ARM
		{8666CA4E-CC49-49A5-A8EC-371AD4893207}.Debug|ARM.Deploy.0 = Debug|ARM
		{8666CA4E-CC49-49A5-A8EC-371AD4893207}.Debug|iPhone.ActiveCfg = Debug|Any CPU
		{8666CA4E-CC49-49A5-A8EC-371AD4893207}.Debug|iPhoneSimulator.ActiveCfg = Debug|Any CPU
		{8666CA4E-CC49-49A5-A8EC-371AD4893207}.Debug|iPhoneSimulator.Build.0 = Debug|Any CPU
		{8666CA4E-CC49-49A5-A8EC-371AD4893207}.Debug|iPhoneSimulator.Deploy.0 = Debug|Any CPU
		{8666CA4E-CC49-49A5-A8EC-371AD4893207}.Debug|x64.ActiveCfg = Debug|x64
		{8666CA4E-CC49-49A5-A8EC-371AD4893207}.Debug|x64.Build.0 = Debug|x64
		{8666CA4E-CC49-49A5-A8EC-371AD4893207}.Debug|x64.Deploy.0 = Debug|x64
		{8666CA4E-CC49-49A5-A8EC-371AD4893207}.Debug|x86.ActiveCfg = Debug|x86
		{8666CA4E-CC49-49A5-A8EC-371AD4893207}.Debug|x86.Build.0 = Debug|x86
		{8666CA4E-CC49-49A5-A8EC-371AD4893207}.Debug|x86.Deploy.0 = Debug|x86
		{8666CA4E-CC49-49A5-A8EC-371AD4893207}.Release|Any CPU.ActiveCfg = Release|Any CPU
		{8666CA4E-CC49-49A5-A8EC-371AD4893207}.Release|Any CPU.Build.0 = Release|Any CPU
		{8666CA4E-CC49-49A5-A8EC-371AD4893207}.Release|Any CPU.Deploy.0 = Release|Any CPU
		{8666CA4E-CC49-49A5-A8EC-371AD4893207}.Release|ARM.ActiveCfg = Release|ARM
		{8666CA4E-CC49-49A5-A8EC-371AD4893207}.Release|ARM.Build.0 = Release|ARM
		{8666CA4E-CC49-49A5-A8EC-371AD4893207}.Release|ARM.Deploy.0 = Release|ARM
		{8666CA4E-CC49-49A5-A8EC-371AD4893207}.Release|iPhone.ActiveCfg = Release|Any CPU
		{8666CA4E-CC49-49A5-A8EC-371AD4893207}.Release|iPhone.Build.0 = Release|Any CPU
		{8666CA4E-CC49-49A5-A8EC-371AD4893207}.Release|iPhone.Deploy.0 = Release|Any CPU
		{8666CA4E-CC49-49A5-A8EC-371AD4893207}.Release|iPhoneSimulator.ActiveCfg = Release|Any CPU
		{8666CA4E-CC49-49A5-A8EC-371AD4893207}.Release|iPhoneSimulator.Build.0 = Release|Any CPU
		{8666CA4E-CC49-49A5-A8EC-371AD4893207}.Release|iPhoneSimulator.Deploy.0 = Release|Any CPU
		{8666CA4E-CC49-49A5-A8EC-371AD4893207}.Release|x64.ActiveCfg = Release|x64
		{8666CA4E-CC49-49A5-A8EC-371AD4893207}.Release|x64.Build.0 = Release|x64
		{8666CA4E-CC49-49A5-A8EC-371AD4893207}.Release|x64.Deploy.0 = Release|x64
		{8666CA4E-CC49-49A5-A8EC-371AD4893207}.Release|x86.ActiveCfg = Release|x86
		{8666CA4E-CC49-49A5-A8EC-371AD4893207}.Release|x86.Build.0 = Release|x86
		{8666CA4E-CC49-49A5-A8EC-371AD4893207}.Release|x86.Deploy.0 = Release|x86
		{DCE1D590-5737-43B0-9293-FC01AD391534}.Ad-Hoc|Any CPU.ActiveCfg = Release|Any CPU
		{DCE1D590-5737-43B0-9293-FC01AD391534}.Ad-Hoc|Any CPU.Build.0 = Release|Any CPU
		{DCE1D590-5737-43B0-9293-FC01AD391534}.Ad-Hoc|ARM.ActiveCfg = Release|Any CPU
		{DCE1D590-5737-43B0-9293-FC01AD391534}.Ad-Hoc|ARM.Build.0 = Release|Any CPU
		{DCE1D590-5737-43B0-9293-FC01AD391534}.Ad-Hoc|iPhone.ActiveCfg = Release|Any CPU
		{DCE1D590-5737-43B0-9293-FC01AD391534}.Ad-Hoc|iPhone.Build.0 = Release|Any CPU
		{DCE1D590-5737-43B0-9293-FC01AD391534}.Ad-Hoc|iPhoneSimulator.ActiveCfg = Release|Any CPU
		{DCE1D590-5737-43B0-9293-FC01AD391534}.Ad-Hoc|iPhoneSimulator.Build.0 = Release|Any CPU
		{DCE1D590-5737-43B0-9293-FC01AD391534}.Ad-Hoc|x64.ActiveCfg = Release|Any CPU
		{DCE1D590-5737-43B0-9293-FC01AD391534}.Ad-Hoc|x64.Build.0 = Release|Any CPU
		{DCE1D590-5737-43B0-9293-FC01AD391534}.Ad-Hoc|x86.ActiveCfg = Release|Any CPU
		{DCE1D590-5737-43B0-9293-FC01AD391534}.Ad-Hoc|x86.Build.0 = Release|Any CPU
		{DCE1D590-5737-43B0-9293-FC01AD391534}.AppStore|Any CPU.ActiveCfg = Release|Any CPU
		{DCE1D590-5737-43B0-9293-FC01AD391534}.AppStore|Any CPU.Build.0 = Release|Any CPU
		{DCE1D590-5737-43B0-9293-FC01AD391534}.AppStore|ARM.ActiveCfg = Release|Any CPU
		{DCE1D590-5737-43B0-9293-FC01AD391534}.AppStore|ARM.Build.0 = Release|Any CPU
		{DCE1D590-5737-43B0-9293-FC01AD391534}.AppStore|iPhone.ActiveCfg = Release|Any CPU
		{DCE1D590-5737-43B0-9293-FC01AD391534}.AppStore|iPhone.Build.0 = Release|Any CPU
		{DCE1D590-5737-43B0-9293-FC01AD391534}.AppStore|iPhoneSimulator.ActiveCfg = Release|Any CPU
		{DCE1D590-5737-43B0-9293-FC01AD391534}.AppStore|iPhoneSimulator.Build.0 = Release|Any CPU
		{DCE1D590-5737-43B0-9293-FC01AD391534}.AppStore|x64.ActiveCfg = Release|Any CPU
		{DCE1D590-5737-43B0-9293-FC01AD391534}.AppStore|x64.Build.0 = Release|Any CPU
		{DCE1D590-5737-43B0-9293-FC01AD391534}.AppStore|x86.ActiveCfg = Release|Any CPU
		{DCE1D590-5737-43B0-9293-FC01AD391534}.AppStore|x86.Build.0 = Release|Any CPU
		{DCE1D590-5737-43B0-9293-FC01AD391534}.Debug|Any CPU.ActiveCfg = Debug|Any CPU
		{DCE1D590-5737-43B0-9293-FC01AD391534}.Debug|Any CPU.Build.0 = Debug|Any CPU
		{DCE1D590-5737-43B0-9293-FC01AD391534}.Debug|ARM.ActiveCfg = Debug|Any CPU
		{DCE1D590-5737-43B0-9293-FC01AD391534}.Debug|ARM.Build.0 = Debug|Any CPU
		{DCE1D590-5737-43B0-9293-FC01AD391534}.Debug|iPhone.ActiveCfg = Debug|Any CPU
		{DCE1D590-5737-43B0-9293-FC01AD391534}.Debug|iPhone.Build.0 = Debug|Any CPU
		{DCE1D590-5737-43B0-9293-FC01AD391534}.Debug|iPhoneSimulator.ActiveCfg = Debug|Any CPU
		{DCE1D590-5737-43B0-9293-FC01AD391534}.Debug|iPhoneSimulator.Build.0 = Debug|Any CPU
		{DCE1D590-5737-43B0-9293-FC01AD391534}.Debug|x64.ActiveCfg = Debug|Any CPU
		{DCE1D590-5737-43B0-9293-FC01AD391534}.Debug|x64.Build.0 = Debug|Any CPU
		{DCE1D590-5737-43B0-9293-FC01AD391534}.Debug|x86.ActiveCfg = Debug|Any CPU
		{DCE1D590-5737-43B0-9293-FC01AD391534}.Debug|x86.Build.0 = Debug|Any CPU
		{DCE1D590-5737-43B0-9293-FC01AD391534}.Release|Any CPU.ActiveCfg = Release|Any CPU
		{DCE1D590-5737-43B0-9293-FC01AD391534}.Release|Any CPU.Build.0 = Release|Any CPU
		{DCE1D590-5737-43B0-9293-FC01AD391534}.Release|ARM.ActiveCfg = Release|Any CPU
		{DCE1D590-5737-43B0-9293-FC01AD391534}.Release|ARM.Build.0 = Release|Any CPU
		{DCE1D590-5737-43B0-9293-FC01AD391534}.Release|iPhone.ActiveCfg = Release|Any CPU
		{DCE1D590-5737-43B0-9293-FC01AD391534}.Release|iPhone.Build.0 = Release|Any CPU
		{DCE1D590-5737-43B0-9293-FC01AD391534}.Release|iPhoneSimulator.ActiveCfg = Release|Any CPU
		{DCE1D590-5737-43B0-9293-FC01AD391534}.Release|iPhoneSimulator.Build.0 = Release|Any CPU
		{DCE1D590-5737-43B0-9293-FC01AD391534}.Release|x64.ActiveCfg = Release|Any CPU
		{DCE1D590-5737-43B0-9293-FC01AD391534}.Release|x64.Build.0 = Release|Any CPU
		{DCE1D590-5737-43B0-9293-FC01AD391534}.Release|x86.ActiveCfg = Release|Any CPU
		{DCE1D590-5737-43B0-9293-FC01AD391534}.Release|x86.Build.0 = Release|Any CPU
	EndGlobalSection
	GlobalSection(SolutionProperties) = preSolution
		HideSolutionNode = FALSE
	EndGlobalSection
EndGlobal
